// !$*UTF8*$!
{
	archiveVersion = 1;
	classes = {
	};
	objectVersion = 55;
	objects = {

/* Begin PBXBuildFile section */
		8C6EEF102974647700CAE3E4 /* AppDelegate.swift in Sources */ = {isa = PBXBuildFile; fileRef = 8C6EEF0F2974647700CAE3E4 /* AppDelegate.swift */; };
		8C6EEF122974647700CAE3E4 /* SceneDelegate.swift in Sources */ = {isa = PBXBuildFile; fileRef = 8C6EEF112974647700CAE3E4 /* SceneDelegate.swift */; };
		8C6EEF142974647700CAE3E4 /* ViewController.swift in Sources */ = {isa = PBXBuildFile; fileRef = 8C6EEF132974647700CAE3E4 /* ViewController.swift */; };
		8C6EEF172974647700CAE3E4 /* Main.storyboard in Resources */ = {isa = PBXBuildFile; fileRef = 8C6EEF152974647700CAE3E4 /* Main.storyboard */; };
		8C6EEF1A2974647700CAE3E4 /* Rahaf_Apple_Pie.xcdatamodeld in Sources */ = {isa = PBXBuildFile; fileRef = 8C6EEF182974647700CAE3E4 /* Rahaf_Apple_Pie.xcdatamodeld */; };
		8C6EEF1C2974647A00CAE3E4 /* Assets.xcassets in Resources */ = {isa = PBXBuildFile; fileRef = 8C6EEF1B2974647A00CAE3E4 /* Assets.xcassets */; };
		8C6EEF1F2974647A00CAE3E4 /* LaunchScreen.storyboard in Resources */ = {isa = PBXBuildFile; fileRef = 8C6EEF1D2974647A00CAE3E4 /* LaunchScreen.storyboard */; };
		8C6EEF2A2974647A00CAE3E4 /* Rahaf_Apple_PieTests.swift in Sources */ = {isa = PBXBuildFile; fileRef = 8C6EEF292974647A00CAE3E4 /* Rahaf_Apple_PieTests.swift */; };
		8C6EEF342974647A00CAE3E4 /* Rahaf_Apple_PieUITests.swift in Sources */ = {isa = PBXBuildFile; fileRef = 8C6EEF332974647A00CAE3E4 /* Rahaf_Apple_PieUITests.swift */; };
		8C6EEF362974647A00CAE3E4 /* Rahaf_Apple_PieUITestsLaunchTests.swift in Sources */ = {isa = PBXBuildFile; fileRef = 8C6EEF352974647A00CAE3E4 /* Rahaf_Apple_PieUITestsLaunchTests.swift */; };
		8CD8BB882974AF22006E9B05 /* Game1.swift in Sources */ = {isa = PBXBuildFile; fileRef = 8CD8BB872974AF22006E9B05 /* Game1.swift */; };
/* End PBXBuildFile section */

/* Begin PBXContainerItemProxy section */
		8C6EEF262974647A00CAE3E4 /* PBXContainerItemProxy */ = {
			isa = PBXContainerItemProxy;
			containerPortal = 8C6EEF042974647700CAE3E4 /* Project object */;
			proxyType = 1;
			remoteGlobalIDString = 8C6EEF0B2974647700CAE3E4;
			remoteInfo = "Rahaf Apple Pie";
		};
		8C6EEF302974647A00CAE3E4 /* PBXContainerItemProxy */ = {
			isa = PBXContainerItemProxy;
			containerPortal = 8C6EEF042974647700CAE3E4 /* Project object */;
			proxyType = 1;
			remoteGlobalIDString = 8C6EEF0B2974647700CAE3E4;
			remoteInfo = "Rahaf Apple Pie";
		};
/* End PBXContainerItemProxy section */

/* Begin PBXFileReference section */
		8C6EEF0C2974647700CAE3E4 /* Rahaf Apple Pie.app */ = {isa = PBXFileReference; explicitFileType = wrapper.application; includeInIndex = 0; path = "Rahaf Apple Pie.app"; sourceTree = BUILT_PRODUCTS_DIR; };
		8C6EEF0F2974647700CAE3E4 /* AppDelegate.swift */ = {isa = PBXFileReference; lastKnownFileType = sourcecode.swift; path = AppDelegate.swift; sourceTree = "<group>"; };
		8C6EEF112974647700CAE3E4 /* SceneDelegate.swift */ = {isa = PBXFileReference; lastKnownFileType = sourcecode.swift; path = SceneDelegate.swift; sourceTree = "<group>"; };
		8C6EEF132974647700CAE3E4 /* ViewController.swift */ = {isa = PBXFileReference; lastKnownFileType = sourcecode.swift; path = ViewController.swift; sourceTree = "<group>"; };
		8C6EEF162974647700CAE3E4 /* Base */ = {isa = PBXFileReference; lastKnownFileType = file.storyboard; name = Base; path = Base.lproj/Main.storyboard; sourceTree = "<group>"; };
		8C6EEF192974647700CAE3E4 /* Rahaf_Apple_Pie.xcdatamodel */ = {isa = PBXFileReference; lastKnownFileType = wrapper.xcdatamodel; path = Rahaf_Apple_Pie.xcdatamodel; sourceTree = "<group>"; };
		8C6EEF1B2974647A00CAE3E4 /* Assets.xcassets */ = {isa = PBXFileReference; lastKnownFileType = folder.assetcatalog; path = Assets.xcassets; sourceTree = "<group>"; };
		8C6EEF1E2974647A00CAE3E4 /* Base */ = {isa = PBXFileReference; lastKnownFileType = file.storyboard; name = Base; path = Base.lproj/LaunchScreen.storyboard; sourceTree = "<group>"; };
		8C6EEF202974647A00CAE3E4 /* Info.plist */ = {isa = PBXFileReference; lastKnownFileType = text.plist.xml; path = Info.plist; sourceTree = "<group>"; };
		8C6EEF252974647A00CAE3E4 /* Rahaf Apple PieTests.xctest */ = {isa = PBXFileReference; explicitFileType = wrapper.cfbundle; includeInIndex = 0; path = "Rahaf Apple PieTests.xctest"; sourceTree = BUILT_PRODUCTS_DIR; };
		8C6EEF292974647A00CAE3E4 /* Rahaf_Apple_PieTests.swift */ = {isa = PBXFileReference; lastKnownFileType = sourcecode.swift; path = Rahaf_Apple_PieTests.swift; sourceTree = "<group>"; };
		8C6EEF2F2974647A00CAE3E4 /* Rahaf Apple PieUITests.xctest */ = {isa = PBXFileReference; explicitFileType = wrapper.cfbundle; includeInIndex = 0; path = "Rahaf Apple PieUITests.xctest"; sourceTree = BUILT_PRODUCTS_DIR; };
		8C6EEF332974647A00CAE3E4 /* Rahaf_Apple_PieUITests.swift */ = {isa = PBXFileReference; lastKnownFileType = sourcecode.swift; path = Rahaf_Apple_PieUITests.swift; sourceTree = "<group>"; };
		8C6EEF352974647A00CAE3E4 /* Rahaf_Apple_PieUITestsLaunchTests.swift */ = {isa = PBXFileReference; lastKnownFileType = sourcecode.swift; path = Rahaf_Apple_PieUITestsLaunchTests.swift; sourceTree = "<group>"; };
		8CD8BB872974AF22006E9B05 /* Game1.swift */ = {isa = PBXFileReference; lastKnownFileType = sourcecode.swift; path = Game1.swift; sourceTree = "<group>"; };
/* End PBXFileReference section */

/* Begin PBXFrameworksBuildPhase section */
		8C6EEF092974647700CAE3E4 /* Frameworks */ = {
			isa = PBXFrameworksBuildPhase;
			buildActionMask = 2147483647;
			files = (
			);
			runOnlyForDeploymentPostprocessing = 0;
		};
		8C6EEF222974647A00CAE3E4 /* Frameworks */ = {
			isa = PBXFrameworksBuildPhase;
			buildActionMask = 2147483647;
			files = (
			);
			runOnlyForDeploymentPostprocessing = 0;
		};
		8C6EEF2C2974647A00CAE3E4 /* Frameworks */ = {
			isa = PBXFrameworksBuildPhase;
			buildActionMask = 2147483647;
			files = (
			);
			runOnlyForDeploymentPostprocessing = 0;
		};
/* End PBXFrameworksBuildPhase section */

/* Begin PBXGroup section */
		8C6EEF032974647700CAE3E4 = {
			isa = PBXGroup;
			children = (
				8CD8BB872974AF22006E9B05 /* Game1.swift */,
				8C6EEF0E2974647700CAE3E4 /* Rahaf Apple Pie */,
				8C6EEF282974647A00CAE3E4 /* Rahaf Apple PieTests */,
				8C6EEF322974647A00CAE3E4 /* Rahaf Apple PieUITests */,
				8C6EEF0D2974647700CAE3E4 /* Products */,
			);
			sourceTree = "<group>";
		};
		8C6EEF0D2974647700CAE3E4 /* Products */ = {
			isa = PBXGroup;
			children = (
				8C6EEF0C2974647700CAE3E4 /* Rahaf Apple Pie.app */,
				8C6EEF252974647A00CAE3E4 /* Rahaf Apple PieTests.xctest */,
				8C6EEF2F2974647A00CAE3E4 /* Rahaf Apple PieUITests.xctest */,
			);
			name = Products;
			sourceTree = "<group>";
		};
		8C6EEF0E2974647700CAE3E4 /* Rahaf Apple Pie */ = {
			isa = PBXGroup;
			children = (
				8C6EEF0F2974647700CAE3E4 /* AppDelegate.swift */,
				8C6EEF112974647700CAE3E4 /* SceneDelegate.swift */,
				8C6EEF132974647700CAE3E4 /* ViewController.swift */,
				8C6EEF152974647700CAE3E4 /* Main.storyboard */,
				8C6EEF1B2974647A00CAE3E4 /* Assets.xcassets */,
				8C6EEF1D2974647A00CAE3E4 /* LaunchScreen.storyboard */,
				8C6EEF202974647A00CAE3E4 /* Info.plist */,
				8C6EEF182974647700CAE3E4 /* Rahaf_Apple_Pie.xcdatamodeld */,
			);
			path = "Rahaf Apple Pie";
			sourceTree = "<group>";
		};
		8C6EEF282974647A00CAE3E4 /* Rahaf Apple PieTests */ = {
			isa = PBXGroup;
			children = (
				8C6EEF292974647A00CAE3E4 /* Rahaf_Apple_PieTests.swift */,
			);
			path = "Rahaf Apple PieTests";
			sourceTree = "<group>";
		};
		8C6EEF322974647A00CAE3E4 /* Rahaf Apple PieUITests */ = {
			isa = PBXGroup;
			children = (
				8C6EEF332974647A00CAE3E4 /* Rahaf_Apple_PieUITests.swift */,
				8C6EEF352974647A00CAE3E4 /* Rahaf_Apple_PieUITestsLaunchTests.swift */,
			);
			path = "Rahaf Apple PieUITests";
			sourceTree = "<group>";
		};
/* End PBXGroup section */

/* Begin PBXNativeTarget section */
		8C6EEF0B2974647700CAE3E4 /* Rahaf Apple Pie */ = {
			isa = PBXNativeTarget;
			buildConfigurationList = 8C6EEF392974647A00CAE3E4 /* Build configuration list for PBXNativeTarget "Rahaf Apple Pie" */;
			buildPhases = (
				8C6EEF082974647700CAE3E4 /* Sources */,
				8C6EEF092974647700CAE3E4 /* Frameworks */,
				8C6EEF0A2974647700CAE3E4 /* Resources */,
			);
			buildRules = (
			);
			dependencies = (
			);
			name = "Rahaf Apple Pie";
			productName = "Rahaf Apple Pie";
			productReference = 8C6EEF0C2974647700CAE3E4 /* Rahaf Apple Pie.app */;
			productType = "com.apple.product-type.application";
		};
		8C6EEF242974647A00CAE3E4 /* Rahaf Apple PieTests */ = {
			isa = PBXNativeTarget;
			buildConfigurationList = 8C6EEF3C2974647A00CAE3E4 /* Build configuration list for PBXNativeTarget "Rahaf Apple PieTests" */;
			buildPhases = (
				8C6EEF212974647A00CAE3E4 /* Sources */,
				8C6EEF222974647A00CAE3E4 /* Frameworks */,
				8C6EEF232974647A00CAE3E4 /* Resources */,
			);
			buildRules = (
			);
			dependencies = (
				8C6EEF272974647A00CAE3E4 /* PBXTargetDependency */,
			);
			name = "Rahaf Apple PieTests";
			productName = "Rahaf Apple PieTests";
			productReference = 8C6EEF252974647A00CAE3E4 /* Rahaf Apple PieTests.xctest */;
			productType = "com.apple.product-type.bundle.unit-test";
		};
		8C6EEF2E2974647A00CAE3E4 /* Rahaf Apple PieUITests */ = {
			isa = PBXNativeTarget;
			buildConfigurationList = 8C6EEF3F2974647A00CAE3E4 /* Build configuration list for PBXNativeTarget "Rahaf Apple PieUITests" */;
			buildPhases = (
				8C6EEF2B2974647A00CAE3E4 /* Sources */,
				8C6EEF2C2974647A00CAE3E4 /* Frameworks */,
				8C6EEF2D2974647A00CAE3E4 /* Resources */,
			);
			buildRules = (
			);
			dependencies = (
				8C6EEF312974647A00CAE3E4 /* PBXTargetDependency */,
			);
			name = "Rahaf Apple PieUITests";
			productName = "Rahaf Apple PieUITests";
			productReference = 8C6EEF2F2974647A00CAE3E4 /* Rahaf Apple PieUITests.xctest */;
			productType = "com.apple.product-type.bundle.ui-testing";
		};
/* End PBXNativeTarget section */

/* Begin PBXProject section */
		8C6EEF042974647700CAE3E4 /* Project object */ = {
			isa = PBXProject;
			attributes = {
				BuildIndependentTargetsInParallel = 1;
				LastSwiftUpdateCheck = 1310;
				LastUpgradeCheck = 1310;
				TargetAttributes = {
					8C6EEF0B2974647700CAE3E4 = {
						CreatedOnToolsVersion = 13.1;
					};
					8C6EEF242974647A00CAE3E4 = {
						CreatedOnToolsVersion = 13.1;
						TestTargetID = 8C6EEF0B2974647700CAE3E4;
					};
					8C6EEF2E2974647A00CAE3E4 = {
						CreatedOnToolsVersion = 13.1;
						TestTargetID = 8C6EEF0B2974647700CAE3E4;
					};
				};
			};
			buildConfigurationList = 8C6EEF072974647700CAE3E4 /* Build configuration list for PBXProject "Rahaf Apple Pie" */;
			compatibilityVersion = "Xcode 13.0";
			developmentRegion = en;
			hasScannedForEncodings = 0;
			knownRegions = (
				en,
				Base,
			);
			mainGroup = 8C6EEF032974647700CAE3E4;
			productRefGroup = 8C6EEF0D2974647700CAE3E4 /* Products */;
			projectDirPath = "";
			projectRoot = "";
			targets = (
				8C6EEF0B2974647700CAE3E4 /* Rahaf Apple Pie */,
				8C6EEF242974647A00CAE3E4 /* Rahaf Apple PieTests */,
				8C6EEF2E2974647A00CAE3E4 /* Rahaf Apple PieUITests */,
			);
		};
/* End PBXProject section */

/* Begin PBXResourcesBuildPhase section */
		8C6EEF0A2974647700CAE3E4 /* Resources */ = {
			isa = PBXResourcesBuildPhase;
			buildActionMask = 2147483647;
			files = (
				8C6EEF1F2974647A00CAE3E4 /* LaunchScreen.storyboard in Resources */,
				8C6EEF1C2974647A00CAE3E4 /* Assets.xcassets in Resources */,
				8C6EEF172974647700CAE3E4 /* Main.storyboard in Resources */,
			);
			runOnlyForDeploymentPostprocessing = 0;
		};
		8C6EEF232974647A00CAE3E4 /* Resources */ = {
			isa = PBXResourcesBuildPhase;
			buildActionMask = 2147483647;
			files = (
			);
			runOnlyForDeploymentPostprocessing = 0;
		};
		8C6EEF2D2974647A00CAE3E4 /* Resources */ = {
			isa = PBXResourcesBuildPhase;
			buildActionMask = 2147483647;
			files = (
			);
			runOnlyForDeploymentPostprocessing = 0;
		};
/* End PBXResourcesBuildPhase section */

/* Begin PBXSourcesBuildPhase section */
		8C6EEF082974647700CAE3E4 /* Sources */ = {
			isa = PBXSourcesBuildPhase;
			buildActionMask = 2147483647;
			files = (
				8C6EEF1A2974647700CAE3E4 /* Rahaf_Apple_Pie.xcdatamodeld in Sources */,
				8C6EEF142974647700CAE3E4 /* ViewController.swift in Sources */,
				8C6EEF102974647700CAE3E4 /* AppDelegate.swift in Sources */,
				8C6EEF122974647700CAE3E4 /* SceneDelegate.swift in Sources */,
				8CD8BB882974AF22006E9B05 /* Game1.swift in Sources */,
			);
			runOnlyForDeploymentPostprocessing = 0;
		};
		8C6EEF212974647A00CAE3E4 /* Sources */ = {
			isa = PBXSourcesBuildPhase;
			buildActionMask = 2147483647;
			files = (
				8C6EEF2A2974647A00CAE3E4 /* Rahaf_Apple_PieTests.swift in Sources */,
			);
			runOnlyForDeploymentPostprocessing = 0;
		};
		8C6EEF2B2974647A00CAE3E4 /* Sources */ = {
			isa = PBXSourcesBuildPhase;
			buildActionMask = 2147483647;
			files = (
				8C6EEF342974647A00CAE3E4 /* Rahaf_Apple_PieUITests.swift in Sources */,
				8C6EEF362974647A00CAE3E4 /* Rahaf_Apple_PieUITestsLaunchTests.swift in Sources */,
			);
			runOnlyForDeploymentPostprocessing = 0;
		};
/* End PBXSourcesBuildPhase section */

/* Begin PBXTargetDependency section */
		8C6EEF272974647A00CAE3E4 /* PBXTargetDependency */ = {
			isa = PBXTargetDependency;
			target = 8C6EEF0B2974647700CAE3E4 /* Rahaf Apple Pie */;
			targetProxy = 8C6EEF262974647A00CAE3E4 /* PBXContainerItemProxy */;
		};
		8C6EEF312974647A00CAE3E4 /* PBXTargetDependency */ = {
			isa = PBXTargetDependency;
			target = 8C6EEF0B2974647700CAE3E4 /* Rahaf Apple Pie */;
			targetProxy = 8C6EEF302974647A00CAE3E4 /* PBXContainerItemProxy */;
		};
/* End PBXTargetDependency section */

/* Begin PBXVariantGroup section */
		8C6EEF152974647700CAE3E4 /* Main.storyboard */ = {
			isa = PBXVariantGroup;
			children = (
				8C6EEF162974647700CAE3E4 /* Base */,
			);
			name = Main.storyboard;
			sourceTree = "<group>";
		};
		8C6EEF1D2974647A00CAE3E4 /* LaunchScreen.storyboard */ = {
			isa = PBXVariantGroup;
			children = (
				8C6EEF1E2974647A00CAE3E4 /* Base */,
			);
			name = LaunchScreen.storyboard;
			sourceTree = "<group>";
		};
/* End PBXVariantGroup section */

/* Begin XCBuildConfiguration section */
		8C6EEF372974647A00CAE3E4 /* Debug */ = {
			isa = XCBuildConfiguration;
			buildSettings = {
				ALWAYS_SEARCH_USER_PATHS = NO;
				CLANG_ANALYZER_NONNULL = YES;
				CLANG_ANALYZER_NUMBER_OBJECT_CONVERSION = YES_AGGRESSIVE;
				CLANG_CXX_LANGUAGE_STANDARD = "gnu++17";
				CLANG_CXX_LIBRARY = "libc++";
				CLANG_ENABLE_MODULES = YES;
				CLANG_ENABLE_OBJC_ARC = YES;
				CLANG_ENABLE_OBJC_WEAK = YES;
				CLANG_WARN_BLOCK_CAPTURE_AUTORELEASING = YES;
				CLANG_WARN_BOOL_CONVERSION = YES;
				CLANG_WARN_COMMA = YES;
				CLANG_WARN_CONSTANT_CONVERSION = YES;
				CLANG_WARN_DEPRECATED_OBJC_IMPLEMENTATIONS = YES;
				CLANG_WARN_DIRECT_OBJC_ISA_USAGE = YES_ERROR;
				CLANG_WARN_DOCUMENTATION_COMMENTS = YES;
				CLANG_WARN_EMPTY_BODY = YES;
				CLANG_WARN_ENUM_CONVERSION = YES;
				CLANG_WARN_INFINITE_RECURSION = YES;
				CLANG_WARN_INT_CONVERSION = YES;
				CLANG_WARN_NON_LITERAL_NULL_CONVERSION = YES;
				CLANG_WARN_OBJC_IMPLICIT_RETAIN_SELF = YES;
				CLANG_WARN_OBJC_LITERAL_CONVERSION = YES;
				CLANG_WARN_OBJC_ROOT_CLASS = YES_ERROR;
				CLANG_WARN_QUOTED_INCLUDE_IN_FRAMEWORK_HEADER = YES;
				CLANG_WARN_RANGE_LOOP_ANALYSIS = YES;
				CLANG_WARN_STRICT_PROTOTYPES = YES;
				CLANG_WARN_SUSPICIOUS_MOVE = YES;
				CLANG_WARN_UNGUARDED_AVAILABILITY = YES_AGGRESSIVE;
				CLANG_WARN_UNREACHABLE_CODE = YES;
				CLANG_WARN__DUPLICATE_METHOD_MATCH = YES;
				COPY_PHASE_STRIP = NO;
				DEBUG_INFORMATION_FORMAT = dwarf;
				ENABLE_STRICT_OBJC_MSGSEND = YES;
				ENABLE_TESTABILITY = YES;
				GCC_C_LANGUAGE_STANDARD = gnu11;
				GCC_DYNAMIC_NO_PIC = NO;
				GCC_NO_COMMON_BLOCKS = YES;
				GCC_OPTIMIZATION_LEVEL = 0;
				GCC_PREPROCESSOR_DEFINITIONS = (
					"DEBUG=1",
					"$(inherited)",
				);
				GCC_WARN_64_TO_32_BIT_CONVERSION = YES;
				GCC_WARN_ABOUT_RETURN_TYPE = YES_ERROR;
				GCC_WARN_UNDECLARED_SELECTOR = YES;
				GCC_WARN_UNINITIALIZED_AUTOS = YES_AGGRESSIVE;
				GCC_WARN_UNUSED_FUNCTION = YES;
				GCC_WARN_UNUSED_VARIABLE = YES;
				IPHONEOS_DEPLOYMENT_TARGET = 15.0;
				MTL_ENABLE_DEBUG_INFO = INCLUDE_SOURCE;
				MTL_FAST_MATH = YES;
				ONLY_ACTIVE_ARCH = YES;
				SDKROOT = iphoneos;
				SWIFT_ACTIVE_COMPILATION_CONDITIONS = DEBUG;
				SWIFT_OPTIMIZATION_LEVEL = "-Onone";
			};
			name = Debug;
		};
		8C6EEF382974647A00CAE3E4 /* Release */ = {
			isa = XCBuildConfiguration;
			buildSettings = {
				ALWAYS_SEARCH_USER_PATHS = NO;
				CLANG_ANALYZER_NONNULL = YES;
				CLANG_ANALYZER_NUMBER_OBJECT_CONVERSION = YES_AGGRESSIVE;
				CLANG_CXX_LANGUAGE_STANDARD = "gnu++17";
				CLANG_CXX_LIBRARY = "libc++";
				CLANG_ENABLE_MODULES = YES;
				CLANG_ENABLE_OBJC_ARC = YES;
				CLANG_ENABLE_OBJC_WEAK = YES;
				CLANG_WARN_BLOCK_CAPTURE_AUTORELEASING = YES;
				CLANG_WARN_BOOL_CONVERSION = YES;
				CLANG_WARN_COMMA = YES;
				CLANG_WARN_CONSTANT_CONVERSION = YES;
				CLANG_WARN_DEPRECATED_OBJC_IMPLEMENTATIONS = YES;
				CLANG_WARN_DIRECT_OBJC_ISA_USAGE = YES_ERROR;
				CLANG_WARN_DOCUMENTATION_COMMENTS = YES;
				CLANG_WARN_EMPTY_BODY = YES;
				CLANG_WARN_ENUM_CONVERSION = YES;
				CLANG_WARN_INFINITE_RECURSION = YES;
				CLANG_WARN_INT_CONVERSION = YES;
				CLANG_WARN_NON_LITERAL_NULL_CONVERSION = YES;
				CLANG_WARN_OBJC_IMPLICIT_RETAIN_SELF = YES;
				CLANG_WARN_OBJC_LITERAL_CONVERSION = YES;
				CLANG_WARN_OBJC_ROOT_CLASS = YES_ERROR;
				CLANG_WARN_QUOTED_INCLUDE_IN_FRAMEWORK_HEADER = YES;
				CLANG_WARN_RANGE_LOOP_ANALYSIS = YES;
				CLANG_WARN_STRICT_PROTOTYPES = YES;
				CLANG_WARN_SUSPICIOUS_MOVE = YES;
				CLANG_WARN_UNGUARDED_AVAILABILITY = YES_AGGRESSIVE;
				CLANG_WARN_UNREACHABLE_CODE = YES;
				CLANG_WARN__DUPLICATE_METHOD_MATCH = YES;
				COPY_PHASE_STRIP = NO;
				DEBUG_INFORMATION_FORMAT = "dwarf-with-dsym";
				ENABLE_NS_ASSERTIONS = NO;
				ENABLE_STRICT_OBJC_MSGSEND = YES;
				GCC_C_LANGUAGE_STANDARD = gnu11;
				GCC_NO_COMMON_BLOCKS = YES;
				GCC_WARN_64_TO_32_BIT_CONVERSION = YES;
				GCC_WARN_ABOUT_RETURN_TYPE = YES_ERROR;
				GCC_WARN_UNDECLARED_SELECTOR = YES;
				GCC_WARN_UNINITIALIZED_AUTOS = YES_AGGRESSIVE;
				GCC_WARN_UNUSED_FUNCTION = YES;
				GCC_WARN_UNUSED_VARIABLE = YES;
				IPHONEOS_DEPLOYMENT_TARGET = 15.0;
				MTL_ENABLE_DEBUG_INFO = NO;
				MTL_FAST_MATH = YES;
				SDKROOT = iphoneos;
				SWIFT_COMPILATION_MODE = wholemodule;
				SWIFT_OPTIMIZATION_LEVEL = "-O";
				VALIDATE_PRODUCT = YES;
			};
			name = Release;
		};
		8C6EEF3A2974647A00CAE3E4 /* Debug */ = {
			isa = XCBuildConfiguration;
			buildSettings = {
				ASSETCATALOG_COMPILER_APPICON_NAME = AppIcon;
				ASSETCATALOG_COMPILER_GLOBAL_ACCENT_COLOR_NAME = AccentColor;
				CODE_SIGN_STYLE = Automatic;
				CURRENT_PROJECT_VERSION = 1;
				GENERATE_INFOPLIST_FILE = YES;
				INFOPLIST_FILE = "Rahaf Apple Pie/Info.plist";
				INFOPLIST_KEY_UIApplicationSupportsIndirectInputEvents = YES;
				INFOPLIST_KEY_UILaunchStoryboardName = LaunchScreen;
				INFOPLIST_KEY_UIMainStoryboardFile = Main;
				INFOPLIST_KEY_UISupportedInterfaceOrientations_iPad = "UIInterfaceOrientationPortrait UIInterfaceOrientationPortraitUpsideDown UIInterfaceOrientationLandscapeLeft UIInterfaceOrientationLandscapeRight";
				INFOPLIST_KEY_UISupportedInterfaceOrientations_iPhone = "UIInterfaceOrientationPortrait UIInterfaceOrientationLandscapeLeft UIInterfaceOrientationLandscapeRight";
				LD_RUNPATH_SEARCH_PATHS = (
					"$(inherited)",
					"@executable_path/Frameworks",
				);
				MARKETING_VERSION = 1.0;
				PRODUCT_BUNDLE_IDENTIFIER = "Rahaf.Rahaf-Apple-Pie";
				PRODUCT_NAME = "$(TARGET_NAME)";
				SWIFT_EMIT_LOC_STRINGS = YES;
				SWIFT_VERSION = 5.0;
				TARGETED_DEVICE_FAMILY = 2;
			};
			name = Debug;
		};
		8C6EEF3B2974647A00CAE3E4 /* Release */ = {
			isa = XCBuildConfiguration;
			buildSettings = {
				ASSETCATALOG_COMPILER_APPICON_NAME = AppIcon;
				ASSETCATALOG_COMPILER_GLOBAL_ACCENT_COLOR_NAME = AccentColor;
				CODE_SIGN_STYLE = Automatic;
				CURRENT_PROJECT_VERSION = 1;
				GENERATE_INFOPLIST_FILE = YES;
				INFOPLIST_FILE = "Rahaf Apple Pie/Info.plist";
				INFOPLIST_KEY_UIApplicationSupportsIndirectInputEvents = YES;
				INFOPLIST_KEY_UILaunchStoryboardName = LaunchScreen;
				INFOPLIST_KEY_UIMainStoryboardFile = Main;
				INFOPLIST_KEY_UISupportedInterfaceOrientations_iPad = "UIInterfaceOrientationPortrait UIInterfaceOrientationPortraitUpsideDown UIInterfaceOrientationLandscapeLeft UIInterfaceOrientationLandscapeRight";
				INFOPLIST_KEY_UISupportedInterfaceOrientations_iPhone = "UIInterfaceOrientationPortrait UIInterfaceOrientationLandscapeLeft UIInterfaceOrientationLandscapeRight";
				LD_RUNPATH_SEARCH_PATHS = (
					"$(inherited)",
					"@executable_path/Frameworks",
				);
				MARKETING_VERSION = 1.0;
				PRODUCT_BUNDLE_IDENTIFIER = "Rahaf.Rahaf-Apple-Pie";
				PRODUCT_NAME = "$(TARGET_NAME)";
				SWIFT_EMIT_LOC_STRINGS = YES;
				SWIFT_VERSION = 5.0;
				TARGETED_DEVICE_FAMILY = 2;
			};
			name = Release;
		};
		8C6EEF3D2974647A00CAE3E4 /* Debug */ = {
			isa = XCBuildConfiguration;
			buildSettings = {
				ALWAYS_EMBED_SWIFT_STANDARD_LIBRARIES = YES;
				BUNDLE_LOADER = "$(TEST_HOST)";
				CODE_SIGN_STYLE = Automatic;
				CURRENT_PROJECT_VERSION = 1;
				GENERATE_INFOPLIST_FILE = YES;
				IPHONEOS_DEPLOYMENT_TARGET = 15.0;
				LD_RUNPATH_SEARCH_PATHS = (
					"$(inherited)",
					"@executable_path/Frameworks",
					"@loader_path/Frameworks",
				);
				MARKETING_VERSION = 1.0;
				PRODUCT_BUNDLE_IDENTIFIER = "Rahaf.Rahaf-Apple-PieTests";
				PRODUCT_NAME = "$(TARGET_NAME)";
				SWIFT_EMIT_LOC_STRINGS = NO;
				SWIFT_VERSION = 5.0;
				TARGETED_DEVICE_FAMILY = "1,2";
				TEST_HOST = "$(BUILT_PRODUCTS_DIR)/Rahaf Apple Pie.app/Rahaf Apple Pie";
			};
			name = Debug;
		};
		8C6EEF3E2974647A00CAE3E4 /* Release */ = {
			isa = XCBuildConfiguration;
			buildSettings = {
				ALWAYS_EMBED_SWIFT_STANDARD_LIBRARIES = YES;
				BUNDLE_LOADER = "$(TEST_HOST)";
				CODE_SIGN_STYLE = Automatic;
				CURRENT_PROJECT_VERSION = 1;
				GENERATE_INFOPLIST_FILE = YES;
				IPHONEOS_DEPLOYMENT_TARGET = 15.0;
				LD_RUNPATH_SEARCH_PATHS = (
					"$(inherited)",
					"@executable_path/Frameworks",
					"@loader_path/Frameworks",
				);
				MARKETING_VERSION = 1.0;
				PRODUCT_BUNDLE_IDENTIFIER = "Rahaf.Rahaf-Apple-PieTests";
				PRODUCT_NAME = "$(TARGET_NAME)";
				SWIFT_EMIT_LOC_STRINGS = NO;
				SWIFT_VERSION = 5.0;
				TARGETED_DEVICE_FAMILY = "1,2";
				TEST_HOST = "$(BUILT_PRODUCTS_DIR)/Rahaf Apple Pie.app/Rahaf Apple Pie";
			};
			name = Release;
		};
		8C6EEF402974647A00CAE3E4 /* Debug */ = {
			isa = XCBuildConfiguration;
			buildSettings = {
				ALWAYS_EMBED_SWIFT_STANDARD_LIBRARIES = YES;
				CODE_SIGN_STYLE = Automatic;
				CURRENT_PROJECT_VERSION = 1;
				GENERATE_INFOPLIST_FILE = YES;
				LD_RUNPATH_SEARCH_PATHS = (
					"$(inherited)",
					"@executable_path/Frameworks",
					"@loader_path/Frameworks",
				);
				MARKETING_VERSION = 1.0;
				PRODUCT_BUNDLE_IDENTIFIER = "Rahaf.Rahaf-Apple-PieUITests";
				PRODUCT_NAME = "$(TARGET_NAME)";
				SWIFT_EMIT_LOC_STRINGS = NO;
				SWIFT_VERSION = 5.0;
				TARGETED_DEVICE_FAMILY = "1,2";
				TEST_TARGET_NAME = "Rahaf Apple Pie";
			};
			name = Debug;
		};
		8C6EEF412974647A00CAE3E4 /* Release */ = {
			isa = XCBuildConfiguration;
			buildSettings = {
				ALWAYS_EMBED_SWIFT_STANDARD_LIBRARIES = YES;
				CODE_SIGN_STYLE = Automatic;
				CURRENT_PROJECT_VERSION = 1;
				GENERATE_INFOPLIST_FILE = YES;
				LD_RUNPATH_SEARCH_PATHS = (
					"$(inherited)",
					"@executable_path/Frameworks",
					"@loader_path/Frameworks",
				);
				MARKETING_VERSION = 1.0;
				PRODUCT_BUNDLE_IDENTIFIER = "Rahaf.Rahaf-Apple-PieUITests";
				PRODUCT_NAME = "$(TARGET_NAME)";
				SWIFT_EMIT_LOC_STRINGS = NO;
				SWIFT_VERSION = 5.0;
				TARGETED_DEVICE_FAMILY = "1,2";
				TEST_TARGET_NAME = "Rahaf Apple Pie";
			};
			name = Release;
		};
/* End XCBuildConfiguration section */

/* Begin XCConfigurationList section */
		8C6EEF072974647700CAE3E4 /* Build configuration list for PBXProject "Rahaf Apple Pie" */ = {
			isa = XCConfigurationList;
			buildConfigurations = (
				8C6EEF372974647A00CAE3E4 /* Debug */,
				8C6EEF382974647A00CAE3E4 /* Release */,
			);
			defaultConfigurationIsVisible = 0;
			defaultConfigurationName = Release;
		};
		8C6EEF392974647A00CAE3E4 /* Build configuration list for PBXNativeTarget "Rahaf Apple Pie" */ = {
			isa = XCConfigurationList;
			buildConfigurations = (
				8C6EEF3A2974647A00CAE3E4 /* Debug */,
				8C6EEF3B2974647A00CAE3E4 /* Release */,
			);
			defaultConfigurationIsVisible = 0;
			defaultConfigurationName = Release;
		};
		8C6EEF3C2974647A00CAE3E4 /* Build configuration list for PBXNativeTarget "Rahaf Apple PieTests" */ = {
			isa = XCConfigurationList;
			buildConfigurations = (
				8C6EEF3D2974647A00CAE3E4 /* Debug */,
				8C6EEF3E2974647A00CAE3E4 /* Release */,
			);
			defaultConfigurationIsVisible = 0;
			defaultConfigurationName = Release;
		};
		8C6EEF3F2974647A00CAE3E4 /* Build configuration list for PBXNativeTarget "Rahaf Apple PieUITests" */ = {
			isa = XCConfigurationList;
			buildConfigurations = (
				8C6EEF402974647A00CAE3E4 /* Debug */,
				8C6EEF412974647A00CAE3E4 /* Release */,
			);
			defaultConfigurationIsVisible = 0;
			defaultConfigurationName = Release;
		};
/* End XCConfigurationList section */

/* Begin XCVersionGroup section */
		8C6EEF182974647700CAE3E4 /* Rahaf_Apple_Pie.xcdatamodeld */ = {
			isa = XCVersionGroup;
			children = (
				8C6EEF192974647700CAE3E4 /* Rahaf_Apple_Pie.xcdatamodel */,
			);
			currentVersion = 8C6EEF192974647700CAE3E4 /* Rahaf_Apple_Pie.xcdatamodel */;
			path = Rahaf_Apple_Pie.xcdatamodeld;
			sourceTree = "<group>";
			versionGroupType = wrapper.xcdatamodel;
		};
/* End XCVersionGroup section */
	};
	rootObject = 8C6EEF042974647700CAE3E4 /* Project object */;
}
